{
  "version": "3",
  "packages": {
    "specifiers": {
      "jsr:@oak/commons@0.10": "jsr:@oak/commons@0.10.1",
      "jsr:@oak/commons@0.9": "jsr:@oak/commons@0.9.1",
      "jsr:@std/assert@0.222": "jsr:@std/assert@0.222.1",
      "jsr:@std/assert@0.223": "jsr:@std/assert@0.223.0",
      "jsr:@std/assert@^0.222.1": "jsr:@std/assert@0.222.1",
      "jsr:@std/assert@^0.223.0": "jsr:@std/assert@0.223.0",
      "jsr:@std/bytes@0.222": "jsr:@std/bytes@0.222.1",
      "jsr:@std/bytes@0.223": "jsr:@std/bytes@0.223.0",
      "jsr:@std/bytes@^0.223.0": "jsr:@std/bytes@0.223.0",
      "jsr:@std/crypto@0.222": "jsr:@std/crypto@0.222.1",
      "jsr:@std/crypto@0.223": "jsr:@std/crypto@0.223.0",
      "jsr:@std/encoding@^0.222.1": "jsr:@std/encoding@0.222.1",
      "jsr:@std/encoding@^0.223.0": "jsr:@std/encoding@0.223.0",
      "jsr:@std/http@0.222": "jsr:@std/http@0.222.1",
      "jsr:@std/http@0.223": "jsr:@std/http@0.223.0",
      "jsr:@std/io@0.223": "jsr:@std/io@0.223.0",
      "jsr:@std/media-types@0.222": "jsr:@std/media-types@0.222.1",
      "jsr:@std/media-types@0.223": "jsr:@std/media-types@0.223.0",
      "jsr:@std/path@0.223": "jsr:@std/path@0.223.0",
      "npm:@langchain/community": "npm:@langchain/community@0.0.53_zod@3.23.4",
      "npm:@langchain/core": "npm:@langchain/core@0.1.61_zod@3.23.4",
      "npm:@types/node": "npm:@types/node@18.16.19",
      "npm:langchain": "npm:langchain@0.1.36_zod@3.23.4",
      "npm:path-to-regexp@6.2.1": "npm:path-to-regexp@6.2.1",
      "npm:prisma@^5.13.0": "npm:prisma@5.13.0",
      "npm:redis": "npm:redis@4.6.13_@redis+client@1.5.14"
    },
    "jsr": {
      "@oak/commons@0.10.1": {
        "integrity": "4775ebf70782b0c5d95958d85b2425b3fbdff06f57654aa4143dbcb23b923cf4",
        "dependencies": [
          "jsr:@std/assert@0.222",
          "jsr:@std/bytes@0.222",
          "jsr:@std/crypto@0.222",
          "jsr:@std/http@0.222",
          "jsr:@std/media-types@0.222"
        ]
      },
      "@oak/commons@0.9.1": {
        "integrity": "c1d1046e46d56016786f8a9cb9166048f7eb6b912aa19b39fb02d79f8d71e512",
        "dependencies": [
          "jsr:@std/assert@0.222",
          "jsr:@std/bytes@0.222",
          "jsr:@std/http@0.222"
        ]
      },
      "@std/assert@0.222.1": {
        "integrity": "691637161ee584a9919d1f9950ddd1272feb8e0a19e83aa5b7563cedaf73d74c"
      },
      "@std/assert@0.223.0": {
        "integrity": "eb8d6d879d76e1cc431205bd346ed4d88dc051c6366365b1af47034b0670be24"
      },
      "@std/bytes@0.222.1": {
        "integrity": "04dbf33e889ed5f9f6a87bc6b6b882dc105fffae6d2b042f832d92d4f34771c0"
      },
      "@std/bytes@0.223.0": {
        "integrity": "84b75052cd8680942c397c2631318772b295019098f40aac5c36cead4cba51a8"
      },
      "@std/crypto@0.222.1": {
        "integrity": "d5b9e6c704fadbcc384cd42c0b603ad4aea710ece0ff26426602681b64fd237c",
        "dependencies": [
          "jsr:@std/assert@^0.222.1"
        ]
      },
      "@std/crypto@0.223.0": {
        "integrity": "1aa9555ff56b09e197ad988ea200f84bc6781fd4fd83f3a156ee44449af93000",
        "dependencies": [
          "jsr:@std/assert@^0.223.0",
          "jsr:@std/encoding@^0.223.0"
        ]
      },
      "@std/encoding@0.222.1": {
        "integrity": "fb6c1d38722feebc8d4a5efa3eb2039ecec0d50d053186240484d0c4a4ce1006"
      },
      "@std/encoding@0.223.0": {
        "integrity": "2b5615a75e00337ce113f34cf2f9b8c18182c751a8dcc8b1a2c2fc0e117bef00"
      },
      "@std/http@0.222.1": {
        "integrity": "a3c731ec6040927aa37d8378b9e6b467e2e3068c1f97838a6e79ee3bdc103521",
        "dependencies": [
          "jsr:@std/encoding@^0.222.1"
        ]
      },
      "@std/http@0.223.0": {
        "integrity": "15ab8a0c5a7e9d5be017a15b01600f20f66602ceec48b378939fa24fcec522aa",
        "dependencies": [
          "jsr:@std/assert@^0.223.0",
          "jsr:@std/encoding@^0.223.0"
        ]
      },
      "@std/io@0.223.0": {
        "integrity": "2d8c3c2ab3a515619b90da2c6ff5ea7b75a94383259ef4d02116b228393f84f1",
        "dependencies": [
          "jsr:@std/bytes@^0.223.0"
        ]
      },
      "@std/media-types@0.222.1": {
        "integrity": "147cbd7f29fb4480625ccdad679637f945437f455534049eb7c95977b973a137"
      },
      "@std/media-types@0.223.0": {
        "integrity": "84684680c2eb6bc6d9369c6d6f26a49decaf2c7603ff531862dda575d9d6776e"
      },
      "@std/path@0.223.0": {
        "integrity": "593963402d7e6597f5a6e620931661053572c982fc014000459edc1f93cc3989",
        "dependencies": [
          "jsr:@std/assert@^0.223.0"
        ]
      }
    },
    "npm": {
      "@anthropic-ai/sdk@0.9.1": {
        "integrity": "sha512-wa1meQ2WSfoY8Uor3EdrJq0jTiZJoKoSii2ZVWRY1oN4Tlr5s59pADg9T79FTbPe1/se5c3pBeZgJL63wmuoBA==",
        "dependencies": {
          "@types/node": "@types/node@18.16.19",
          "@types/node-fetch": "@types/node-fetch@2.6.11",
          "abort-controller": "abort-controller@3.0.0",
          "agentkeepalive": "agentkeepalive@4.5.0",
          "digest-fetch": "digest-fetch@1.3.0",
          "form-data-encoder": "form-data-encoder@1.7.2",
          "formdata-node": "formdata-node@4.4.1",
          "node-fetch": "node-fetch@2.7.0",
          "web-streams-polyfill": "web-streams-polyfill@3.3.3"
        }
      },
      "@langchain/community@0.0.53_zod@3.23.4": {
        "integrity": "sha512-iFqZPt4MRssGYsQoKSXWJQaYTZCC7WNuilp2JCCs3wKmJK3l6mR0eV+PDrnT+TaDHUVxt/b0rwgM0sOiy0j2jA==",
        "dependencies": {
          "@langchain/core": "@langchain/core@0.1.61_zod@3.23.4",
          "@langchain/openai": "@langchain/openai@0.0.28_zod@3.23.4_openai@4.38.5",
          "expr-eval": "expr-eval@2.0.2",
          "flat": "flat@5.0.2",
          "langsmith": "langsmith@0.1.20_openai@4.38.5",
          "uuid": "uuid@9.0.1",
          "zod": "zod@3.23.4",
          "zod-to-json-schema": "zod-to-json-schema@3.23.0_zod@3.23.4"
        }
      },
      "@langchain/core@0.1.61_openai@4.38.5_zod@3.23.4": {
        "integrity": "sha512-C8OkAly+ugvXsL8TACCmFv9WTTcT4gvQaG6NbrXCOzibBCywfxxcTqEMOyg3zIKpxHEmR0DHqh0OiJRHocnsCg==",
        "dependencies": {
          "ansi-styles": "ansi-styles@5.2.0",
          "camelcase": "camelcase@6.3.0",
          "decamelize": "decamelize@1.2.0",
          "js-tiktoken": "js-tiktoken@1.0.11",
          "langsmith": "langsmith@0.1.20_openai@4.38.5",
          "ml-distance": "ml-distance@4.0.1",
          "mustache": "mustache@4.2.0",
          "p-queue": "p-queue@6.6.2",
          "p-retry": "p-retry@4.6.2",
          "uuid": "uuid@9.0.1",
          "zod": "zod@3.23.4",
          "zod-to-json-schema": "zod-to-json-schema@3.23.0_zod@3.23.4"
        }
      },
      "@langchain/core@0.1.61_zod@3.23.4": {
        "integrity": "sha512-C8OkAly+ugvXsL8TACCmFv9WTTcT4gvQaG6NbrXCOzibBCywfxxcTqEMOyg3zIKpxHEmR0DHqh0OiJRHocnsCg==",
        "dependencies": {
          "ansi-styles": "ansi-styles@5.2.0",
          "camelcase": "camelcase@6.3.0",
          "decamelize": "decamelize@1.2.0",
          "js-tiktoken": "js-tiktoken@1.0.11",
          "langsmith": "langsmith@0.1.20_openai@4.38.5",
          "ml-distance": "ml-distance@4.0.1",
          "mustache": "mustache@4.2.0",
          "p-queue": "p-queue@6.6.2",
          "p-retry": "p-retry@4.6.2",
          "uuid": "uuid@9.0.1",
          "zod": "zod@3.23.4",
          "zod-to-json-schema": "zod-to-json-schema@3.23.0_zod@3.23.4"
        }
      },
      "@langchain/openai@0.0.28_zod@3.23.4_openai@4.38.5": {
        "integrity": "sha512-2s1RA3/eAnz4ahdzsMPBna9hfAqpFNlWdHiPxVGZ5yrhXsbLWWoPcF+22LCk9t0HJKtazi2GCIWc0HVXH9Abig==",
        "dependencies": {
          "@langchain/core": "@langchain/core@0.1.61_openai@4.38.5_zod@3.23.4",
          "js-tiktoken": "js-tiktoken@1.0.11",
          "openai": "openai@4.38.5",
          "zod": "zod@3.23.4",
          "zod-to-json-schema": "zod-to-json-schema@3.23.0_zod@3.23.4"
        }
      },
      "@langchain/textsplitters@0.0.0": {
        "integrity": "sha512-3hPesWomnmVeYMppEGYbyv0v/sRUugUdlFBNn9m1ueJYHAIKbvCErkWxNUH3guyKKYgJVrkvZoQxcd9faucSaw==",
        "dependencies": {
          "@langchain/core": "@langchain/core@0.1.61_zod@3.23.4",
          "js-tiktoken": "js-tiktoken@1.0.11"
        }
      },
      "@prisma/debug@5.13.0": {
        "integrity": "sha512-699iqlEvzyCj9ETrXhs8o8wQc/eVW+FigSsHpiskSFydhjVuwTJEfj/nIYqTaWFYuxiWQRfm3r01meuW97SZaQ==",
        "dependencies": {}
      },
      "@prisma/engines-version@5.13.0-23.b9a39a7ee606c28e3455d0fd60e78c3ba82b1a2b": {
        "integrity": "sha512-AyUuhahTINGn8auyqYdmxsN+qn0mw3eg+uhkp8zwknXYIqoT3bChG4RqNY/nfDkPvzWAPBa9mrDyBeOnWSgO6A==",
        "dependencies": {}
      },
      "@prisma/engines@5.13.0": {
        "integrity": "sha512-hIFLm4H1boj6CBZx55P4xKby9jgDTeDG0Jj3iXtwaaHmlD5JmiDkZhh8+DYWkTGchu+rRF36AVROLnk0oaqhHw==",
        "dependencies": {
          "@prisma/debug": "@prisma/debug@5.13.0",
          "@prisma/engines-version": "@prisma/engines-version@5.13.0-23.b9a39a7ee606c28e3455d0fd60e78c3ba82b1a2b",
          "@prisma/fetch-engine": "@prisma/fetch-engine@5.13.0",
          "@prisma/get-platform": "@prisma/get-platform@5.13.0"
        }
      },
      "@prisma/fetch-engine@5.13.0": {
        "integrity": "sha512-Yh4W+t6YKyqgcSEB3odBXt7QyVSm0OQlBSldQF2SNXtmOgMX8D7PF/fvH6E6qBCpjB/yeJLy/FfwfFijoHI6sA==",
        "dependencies": {
          "@prisma/debug": "@prisma/debug@5.13.0",
          "@prisma/engines-version": "@prisma/engines-version@5.13.0-23.b9a39a7ee606c28e3455d0fd60e78c3ba82b1a2b",
          "@prisma/get-platform": "@prisma/get-platform@5.13.0"
        }
      },
      "@prisma/get-platform@5.13.0": {
        "integrity": "sha512-B/WrQwYTzwr7qCLifQzYOmQhZcFmIFhR81xC45gweInSUn2hTEbfKUPd2keAog+y5WI5xLAFNJ3wkXplvSVkSw==",
        "dependencies": {
          "@prisma/debug": "@prisma/debug@5.13.0"
        }
      },
      "@redis/bloom@1.2.0_@redis+client@1.5.14": {
        "integrity": "sha512-HG2DFjYKbpNmVXsa0keLHp/3leGJz1mjh09f2RLGGLQZzSHpkmZWuwJbAvo3QcRY8p80m5+ZdXZdYOSBLlp7Cg==",
        "dependencies": {
          "@redis/client": "@redis/client@1.5.14"
        }
      },
      "@redis/client@1.5.14": {
        "integrity": "sha512-YGn0GqsRBFUQxklhY7v562VMOP0DcmlrHHs3IV1mFE3cbxe31IITUkqhBcIhVSI/2JqtWAJXg5mjV4aU+zD0HA==",
        "dependencies": {
          "cluster-key-slot": "cluster-key-slot@1.1.2",
          "generic-pool": "generic-pool@3.9.0",
          "yallist": "yallist@4.0.0"
        }
      },
      "@redis/graph@1.1.1_@redis+client@1.5.14": {
        "integrity": "sha512-FEMTcTHZozZciLRl6GiiIB4zGm5z5F3F6a6FZCyrfxdKOhFlGkiAqlexWMBzCi4DcRoyiOsuLfW+cjlGWyExOw==",
        "dependencies": {
          "@redis/client": "@redis/client@1.5.14"
        }
      },
      "@redis/json@1.0.6_@redis+client@1.5.14": {
        "integrity": "sha512-rcZO3bfQbm2zPRpqo82XbW8zg4G/w4W3tI7X8Mqleq9goQjAGLL7q/1n1ZX4dXEAmORVZ4s1+uKLaUOg7LrUhw==",
        "dependencies": {
          "@redis/client": "@redis/client@1.5.14"
        }
      },
      "@redis/search@1.1.6_@redis+client@1.5.14": {
        "integrity": "sha512-mZXCxbTYKBQ3M2lZnEddwEAks0Kc7nauire8q20oA0oA/LoA+E/b5Y5KZn232ztPb1FkIGqo12vh3Lf+Vw5iTw==",
        "dependencies": {
          "@redis/client": "@redis/client@1.5.14"
        }
      },
      "@redis/time-series@1.0.5_@redis+client@1.5.14": {
        "integrity": "sha512-IFjIgTusQym2B5IZJG3XKr5llka7ey84fw/NOYqESP5WUfQs9zz1ww/9+qoz4ka/S6KcGBodzlCeZ5UImKbscg==",
        "dependencies": {
          "@redis/client": "@redis/client@1.5.14"
        }
      },
      "@types/node-fetch@2.6.11": {
        "integrity": "sha512-24xFj9R5+rfQJLRyM56qh+wnVSYhyXC2tkoBndtY0U+vubqNsYXGjufB2nn8Q6gt0LrARwL6UBtMCSVCwl4B1g==",
        "dependencies": {
          "@types/node": "@types/node@18.16.19",
          "form-data": "form-data@4.0.0"
        }
      },
      "@types/node@18.16.19": {
        "integrity": "sha512-IXl7o+R9iti9eBW4Wg2hx1xQDig183jj7YLn8F7udNceyfkbn1ZxmzZXuak20gR40D7pIkIY1kYGx5VIGbaHKA==",
        "dependencies": {}
      },
      "@types/retry@0.12.0": {
        "integrity": "sha512-wWKOClTTiizcZhXnPY4wikVAwmdYHp8q6DmC+EJUzAMsycb7HB32Kh9RN4+0gExjmPmZSAQjgURXIGATPegAvA==",
        "dependencies": {}
      },
      "@types/uuid@9.0.8": {
        "integrity": "sha512-jg+97EGIcY9AGHJJRaaPVgetKDsrTgbRjQ5Msgjh/DQKEFl0DtyRr/VCOyD1T2R1MNeWPK/u7JoGhlDZnKBAfA==",
        "dependencies": {}
      },
      "abort-controller@3.0.0": {
        "integrity": "sha512-h8lQ8tacZYnR3vNQTgibj+tODHI5/+l06Au2Pcriv/Gmet0eaj4TwWH41sO9wnHDiQsEj19q0drzdWdeAHtweg==",
        "dependencies": {
          "event-target-shim": "event-target-shim@5.0.1"
        }
      },
      "agentkeepalive@4.5.0": {
        "integrity": "sha512-5GG/5IbQQpC9FpkRGsSvZI5QYeSCzlJHdpBQntCsuTOxhKD8lqKhrleg2Yi7yvMIf82Ycmmqln9U8V9qwEiJew==",
        "dependencies": {
          "humanize-ms": "humanize-ms@1.2.1"
        }
      },
      "ansi-styles@5.2.0": {
        "integrity": "sha512-Cxwpt2SfTzTtXcfOlzGEee8O+c+MmUgGrNiBcXnuWxuFJHe6a5Hz7qwhwe5OgaSYI0IJvkLqWX1ASG+cJOkEiA==",
        "dependencies": {}
      },
      "argparse@2.0.1": {
        "integrity": "sha512-8+9WqebbFzpX9OR+Wa6O29asIogeRMzcGtAINdpMHHyAg10f05aSFVBbcEqGf/PXw1EjAZ+q2/bEBg3DvurK3Q==",
        "dependencies": {}
      },
      "asynckit@0.4.0": {
        "integrity": "sha512-Oei9OH4tRh0YqU3GxhX79dM/mwVgvbZJaSNaRk+bshkj0S5cfHcgYakreBjrHwatXKbz+IoIdYLxrKim2MjW0Q==",
        "dependencies": {}
      },
      "base-64@0.1.0": {
        "integrity": "sha512-Y5gU45svrR5tI2Vt/X9GPd3L0HNIKzGu202EjxrXMpuc2V2CiKgemAbUUsqYmZJvPtCXoUKjNZwBJzsNScUbXA==",
        "dependencies": {}
      },
      "base64-js@1.5.1": {
        "integrity": "sha512-AKpaYlHn8t4SVbOHCy+b5+KKgvR4vrsD8vbvrbiQJps7fKDTkjkDry6ji0rUJjC0kzbNePLwzxq8iypo41qeWA==",
        "dependencies": {}
      },
      "binary-extensions@2.3.0": {
        "integrity": "sha512-Ceh+7ox5qe7LJuLHoY0feh3pHuUDHAcRUeyL2VYghZwfpkNIy/+8Ocg0a3UuSoYzavmylwuLWQOf3hl0jjMMIw==",
        "dependencies": {}
      },
      "binary-search@1.3.6": {
        "integrity": "sha512-nbE1WxOTTrUWIfsfZ4aHGYu5DOuNkbxGokjV6Z2kxfJK3uaAb8zNK1muzOeipoLHZjInT4Br88BHpzevc681xA==",
        "dependencies": {}
      },
      "camelcase@6.3.0": {
        "integrity": "sha512-Gmy6FhYlCY7uOElZUSbxo2UCDH8owEk996gkbrpsgGtrJLM3J7jGxl9Ic7Qwwj4ivOE5AWZWRMecDdF7hqGjFA==",
        "dependencies": {}
      },
      "charenc@0.0.2": {
        "integrity": "sha512-yrLQ/yVUFXkzg7EDQsPieE/53+0RlaWTs+wBrvW36cyilJ2SaDWfl4Yj7MtLTXleV9uEKefbAGUPv2/iWSooRA==",
        "dependencies": {}
      },
      "cluster-key-slot@1.1.2": {
        "integrity": "sha512-RMr0FhtfXemyinomL4hrWcYJxmX6deFdCxpJzhDttxgO1+bcCnkk+9drydLVDmAMG7NE6aN/fl4F7ucU/90gAA==",
        "dependencies": {}
      },
      "combined-stream@1.0.8": {
        "integrity": "sha512-FQN4MRfuJeHf7cBbBMJFXhKSDq+2kAArBlmRBvcvFE5BB1HZKXtSFASDhdlz9zOYwxh8lDdnvmMOe/+5cdoEdg==",
        "dependencies": {
          "delayed-stream": "delayed-stream@1.0.0"
        }
      },
      "commander@10.0.1": {
        "integrity": "sha512-y4Mg2tXshplEbSGzx7amzPwKKOCGuoSRP/CjEdwwk0FOGlUbq6lKuoyDZTNZkmxHdJtp54hdfY/JUrdL7Xfdug==",
        "dependencies": {}
      },
      "crypt@0.0.2": {
        "integrity": "sha512-mCxBlsHFYh9C+HVpiEacem8FEBnMXgU9gy4zmNC+SXAZNB/1idgp/aulFJ4FgCi7GPEVbfyng092GqL2k2rmow==",
        "dependencies": {}
      },
      "decamelize@1.2.0": {
        "integrity": "sha512-z2S+W9X73hAUUki+N+9Za2lBlun89zigOyGrsax+KUQ6wKW4ZoWpEYBkGhQjwAjjDCkWxhY0VKEhk8wzY7F5cA==",
        "dependencies": {}
      },
      "delayed-stream@1.0.0": {
        "integrity": "sha512-ZySD7Nf91aLB0RxL4KGrKHBXl7Eds1DAmEdcoVawXnLD7SDhpNgtuII2aAkg7a7QS41jxPSZ17p4VdGnMHk3MQ==",
        "dependencies": {}
      },
      "digest-fetch@1.3.0": {
        "integrity": "sha512-CGJuv6iKNM7QyZlM2T3sPAdZWd/p9zQiRNS9G+9COUCwzWFTs0Xp8NF5iePx7wtvhDykReiRRrSeNb4oMmB8lA==",
        "dependencies": {
          "base-64": "base-64@0.1.0",
          "md5": "md5@2.3.0"
        }
      },
      "event-target-shim@5.0.1": {
        "integrity": "sha512-i/2XbnSz/uxRCU6+NdVJgKWDTM427+MqYbkQzD321DuCQJUqOuJKIA0IM2+W2xtYHdKOmZ4dR6fExsd4SXL+WQ==",
        "dependencies": {}
      },
      "eventemitter3@4.0.7": {
        "integrity": "sha512-8guHBZCwKnFhYdHr2ysuRWErTwhoN2X8XELRlrRwpmfeY2jjuUN4taQMsULKUVo1K4DvZl+0pgfyoysHxvmvEw==",
        "dependencies": {}
      },
      "expr-eval@2.0.2": {
        "integrity": "sha512-4EMSHGOPSwAfBiibw3ndnP0AvjDWLsMvGOvWEZ2F96IGk0bIVdjQisOHxReSkE13mHcfbuCiXw+G4y0zv6N8Eg==",
        "dependencies": {}
      },
      "flat@5.0.2": {
        "integrity": "sha512-b6suED+5/3rTpUBdG1gupIl8MPFCAMA0QXwmljLhvCUKcUvdE4gWky9zpuGCcXHOsz4J9wPGNWq6OKpmIzz3hQ==",
        "dependencies": {}
      },
      "form-data-encoder@1.7.2": {
        "integrity": "sha512-qfqtYan3rxrnCk1VYaA4H+Ms9xdpPqvLZa6xmMgFvhO32x7/3J/ExcTd6qpxM0vH2GdMI+poehyBZvqfMTto8A==",
        "dependencies": {}
      },
      "form-data@4.0.0": {
        "integrity": "sha512-ETEklSGi5t0QMZuiXoA/Q6vcnxcLQP5vdugSpuAyi6SVGi2clPPp+xgEhuMaHC+zGgn31Kd235W35f7Hykkaww==",
        "dependencies": {
          "asynckit": "asynckit@0.4.0",
          "combined-stream": "combined-stream@1.0.8",
          "mime-types": "mime-types@2.1.35"
        }
      },
      "formdata-node@4.4.1": {
        "integrity": "sha512-0iirZp3uVDjVGt9p49aTaqjk84TrglENEDuqfdlZQ1roC9CWlPk6Avf8EEnZNcAqPonwkG35x4n3ww/1THYAeQ==",
        "dependencies": {
          "node-domexception": "node-domexception@1.0.0",
          "web-streams-polyfill": "web-streams-polyfill@4.0.0-beta.3"
        }
      },
      "generic-pool@3.9.0": {
        "integrity": "sha512-hymDOu5B53XvN4QT9dBmZxPX4CWhBPPLguTZ9MMFeFa/Kg0xWVfylOVNlJji/E7yTZWFd/q9GO5TxDLq156D7g==",
        "dependencies": {}
      },
      "humanize-ms@1.2.1": {
        "integrity": "sha512-Fl70vYtsAFb/C06PTS9dZBo7ihau+Tu/DNCk/OyHhea07S+aeMWpFFkUaXRa8fI+ScZbEI8dfSxwY7gxZ9SAVQ==",
        "dependencies": {
          "ms": "ms@2.1.3"
        }
      },
      "is-any-array@2.0.1": {
        "integrity": "sha512-UtilS7hLRu++wb/WBAw9bNuP1Eg04Ivn1vERJck8zJthEvXCBEBpGR/33u/xLKWEQf95803oalHrVDptcAvFdQ==",
        "dependencies": {}
      },
      "is-buffer@1.1.6": {
        "integrity": "sha512-NcdALwpXkTm5Zvvbk7owOUSvVvBKDgKP5/ewfXEznmQFfs4ZRmanOeKBTjRVjka3QFoN6XJ+9F3USqfHqTaU5w==",
        "dependencies": {}
      },
      "js-tiktoken@1.0.11": {
        "integrity": "sha512-PajXFLq2vx7/8jllQZ43vzNpAai/0MOVdJjW/UrNyJorNQRTjHrqdGJG/mjHVy7h9M6dW6CaG43eNLMYFkTh6w==",
        "dependencies": {
          "base64-js": "base64-js@1.5.1"
        }
      },
      "js-yaml@4.1.0": {
        "integrity": "sha512-wpxZs9NoxZaJESJGIZTyDEaYpl0FKSA+FB9aJiyemKhMwkxQg63h4T1KJgUGHpTqPDNRcmmYLugrRjJlBtWvRA==",
        "dependencies": {
          "argparse": "argparse@2.0.1"
        }
      },
      "jsonpointer@5.0.1": {
        "integrity": "sha512-p/nXbhSEcu3pZRdkW1OfJhpsVtW1gd4Wa1fnQc9YLiTfAjn0312eMKimbdIQzuZl9aa9xUGaRlP9T/CJE/ditQ==",
        "dependencies": {}
      },
      "langchain@0.1.36_zod@3.23.4": {
        "integrity": "sha512-NTbnCL/jKWIeEI//Nm1oG8nhW3vkYWvEMr1MPotmTThTfeKfO87eV/OAzAyh6Ruy6GFs/qofRgQZGIe6XvXTNQ==",
        "dependencies": {
          "@anthropic-ai/sdk": "@anthropic-ai/sdk@0.9.1",
          "@langchain/community": "@langchain/community@0.0.53_zod@3.23.4",
          "@langchain/core": "@langchain/core@0.1.61_zod@3.23.4",
          "@langchain/openai": "@langchain/openai@0.0.28_zod@3.23.4_openai@4.38.5",
          "@langchain/textsplitters": "@langchain/textsplitters@0.0.0",
          "binary-extensions": "binary-extensions@2.3.0",
          "js-tiktoken": "js-tiktoken@1.0.11",
          "js-yaml": "js-yaml@4.1.0",
          "jsonpointer": "jsonpointer@5.0.1",
          "langchainhub": "langchainhub@0.0.8",
          "langsmith": "langsmith@0.1.20_openai@4.38.5",
          "ml-distance": "ml-distance@4.0.1",
          "openapi-types": "openapi-types@12.1.3",
          "p-retry": "p-retry@4.6.2",
          "uuid": "uuid@9.0.1",
          "yaml": "yaml@2.4.1",
          "zod": "zod@3.23.4",
          "zod-to-json-schema": "zod-to-json-schema@3.23.0_zod@3.23.4"
        }
      },
      "langchainhub@0.0.8": {
        "integrity": "sha512-Woyb8YDHgqqTOZvWIbm2CaFDGfZ4NTSyXV687AG4vXEfoNo7cGQp7nhl7wL3ehenKWmNEmcxCLgOZzW8jE6lOQ==",
        "dependencies": {}
      },
      "langsmith@0.1.20": {
        "integrity": "sha512-xS/m2FWagJMo1W42GU08BEnRfFznnB8OZk3GUTg7tf0qNK5pqS5AnuOLCAmV7VJcfP3YkYZL12X/P0QE1ZQowA==",
        "dependencies": {
          "@types/uuid": "@types/uuid@9.0.8",
          "commander": "commander@10.0.1",
          "p-queue": "p-queue@6.6.2",
          "p-retry": "p-retry@4.6.2",
          "uuid": "uuid@9.0.1"
        }
      },
      "langsmith@0.1.20_openai@4.38.5": {
        "integrity": "sha512-xS/m2FWagJMo1W42GU08BEnRfFznnB8OZk3GUTg7tf0qNK5pqS5AnuOLCAmV7VJcfP3YkYZL12X/P0QE1ZQowA==",
        "dependencies": {
          "@types/uuid": "@types/uuid@9.0.8",
          "commander": "commander@10.0.1",
          "openai": "openai@4.38.5",
          "p-queue": "p-queue@6.6.2",
          "p-retry": "p-retry@4.6.2",
          "uuid": "uuid@9.0.1"
        }
      },
      "md5@2.3.0": {
        "integrity": "sha512-T1GITYmFaKuO91vxyoQMFETst+O71VUPEU3ze5GNzDm0OWdP8v1ziTaAEPUr/3kLsY3Sftgz242A1SetQiDL7g==",
        "dependencies": {
          "charenc": "charenc@0.0.2",
          "crypt": "crypt@0.0.2",
          "is-buffer": "is-buffer@1.1.6"
        }
      },
      "mime-db@1.52.0": {
        "integrity": "sha512-sPU4uV7dYlvtWJxwwxHD0PuihVNiE7TyAbQ5SWxDCB9mUYvOgroQOwYQQOKPJ8CIbE+1ETVlOoK1UC2nU3gYvg==",
        "dependencies": {}
      },
      "mime-types@2.1.35": {
        "integrity": "sha512-ZDY+bPm5zTTF+YpCrAU9nK0UgICYPT0QtT1NZWFv4s++TNkcgVaT0g6+4R2uI4MjQjzysHB1zxuWL50hzaeXiw==",
        "dependencies": {
          "mime-db": "mime-db@1.52.0"
        }
      },
      "ml-array-mean@1.1.6": {
        "integrity": "sha512-MIdf7Zc8HznwIisyiJGRH9tRigg3Yf4FldW8DxKxpCCv/g5CafTw0RRu51nojVEOXuCQC7DRVVu5c7XXO/5joQ==",
        "dependencies": {
          "ml-array-sum": "ml-array-sum@1.1.6"
        }
      },
      "ml-array-sum@1.1.6": {
        "integrity": "sha512-29mAh2GwH7ZmiRnup4UyibQZB9+ZLyMShvt4cH4eTK+cL2oEMIZFnSyB3SS8MlsTh6q/w/yh48KmqLxmovN4Dw==",
        "dependencies": {
          "is-any-array": "is-any-array@2.0.1"
        }
      },
      "ml-distance-euclidean@2.0.0": {
        "integrity": "sha512-yC9/2o8QF0A3m/0IXqCTXCzz2pNEzvmcE/9HFKOZGnTjatvBbsn4lWYJkxENkA4Ug2fnYl7PXQxnPi21sgMy/Q==",
        "dependencies": {}
      },
      "ml-distance@4.0.1": {
        "integrity": "sha512-feZ5ziXs01zhyFUUUeZV5hwc0f5JW0Sh0ckU1koZe/wdVkJdGxcP06KNQuF0WBTj8FttQUzcvQcpcrOp/XrlEw==",
        "dependencies": {
          "ml-array-mean": "ml-array-mean@1.1.6",
          "ml-distance-euclidean": "ml-distance-euclidean@2.0.0",
          "ml-tree-similarity": "ml-tree-similarity@1.0.0"
        }
      },
      "ml-tree-similarity@1.0.0": {
        "integrity": "sha512-XJUyYqjSuUQkNQHMscr6tcjldsOoAekxADTplt40QKfwW6nd++1wHWV9AArl0Zvw/TIHgNaZZNvr8QGvE8wLRg==",
        "dependencies": {
          "binary-search": "binary-search@1.3.6",
          "num-sort": "num-sort@2.1.0"
        }
      },
      "ms@2.1.3": {
        "integrity": "sha512-6FlzubTLZG3J2a/NVCAleEhjzq5oxgHyaCU9yYXvcLsvoVaHJq/s5xXI6/XXP6tz7R9xAOtHnSO/tXtF3WRTlA==",
        "dependencies": {}
      },
      "mustache@4.2.0": {
        "integrity": "sha512-71ippSywq5Yb7/tVYyGbkBggbU8H3u5Rz56fH60jGFgr8uHwxs+aSKeqmluIVzM0m0kB7xQjKS6qPfd0b2ZoqQ==",
        "dependencies": {}
      },
      "node-domexception@1.0.0": {
        "integrity": "sha512-/jKZoMpw0F8GRwl4/eLROPA3cfcXtLApP0QzLmUT/HuPCZWyB7IY9ZrMeKw2O/nFIqPQB3PVM9aYm0F312AXDQ==",
        "dependencies": {}
      },
      "node-fetch@2.7.0": {
        "integrity": "sha512-c4FRfUm/dbcWZ7U+1Wq0AwCyFL+3nt2bEw05wfxSz+DWpWsitgmSgYmy2dQdWyKC1694ELPqMs/YzUSNozLt8A==",
        "dependencies": {
          "whatwg-url": "whatwg-url@5.0.0"
        }
      },
      "num-sort@2.1.0": {
        "integrity": "sha512-1MQz1Ed8z2yckoBeSfkQHHO9K1yDRxxtotKSJ9yvcTUUxSvfvzEq5GwBrjjHEpMlq/k5gvXdmJ1SbYxWtpNoVg==",
        "dependencies": {}
      },
      "openai@4.38.5": {
        "integrity": "sha512-Ym5GJL98ZhLJJ7enBx53jjG3vwN/fsB+Ozh46nnRZZS9W1NiYqbwkJ+sXd3dkCIiWIgcyyOPL2Zr8SQAzbpj3g==",
        "dependencies": {
          "@types/node": "@types/node@18.16.19",
          "@types/node-fetch": "@types/node-fetch@2.6.11",
          "abort-controller": "abort-controller@3.0.0",
          "agentkeepalive": "agentkeepalive@4.5.0",
          "form-data-encoder": "form-data-encoder@1.7.2",
          "formdata-node": "formdata-node@4.4.1",
          "node-fetch": "node-fetch@2.7.0",
          "web-streams-polyfill": "web-streams-polyfill@3.3.3"
        }
      },
      "openapi-types@12.1.3": {
        "integrity": "sha512-N4YtSYJqghVu4iek2ZUvcN/0aqH1kRDuNqzcycDxhOUpg7GdvLa2F3DgS6yBNhInhv2r/6I0Flkn7CqL8+nIcw==",
        "dependencies": {}
      },
      "p-finally@1.0.0": {
        "integrity": "sha512-LICb2p9CB7FS+0eR1oqWnHhp0FljGLZCWBE9aix0Uye9W8LTQPwMTYVGWQWIw9RdQiDg4+epXQODwIYJtSJaow==",
        "dependencies": {}
      },
      "p-queue@6.6.2": {
        "integrity": "sha512-RwFpb72c/BhQLEXIZ5K2e+AhgNVmIejGlTgiB9MzZ0e93GRvqZ7uSi0dvRF7/XIXDeNkra2fNHBxTyPDGySpjQ==",
        "dependencies": {
          "eventemitter3": "eventemitter3@4.0.7",
          "p-timeout": "p-timeout@3.2.0"
        }
      },
      "p-retry@4.6.2": {
        "integrity": "sha512-312Id396EbJdvRONlngUx0NydfrIQ5lsYu0znKVUzVvArzEIt08V1qhtyESbGVd1FGX7UKtiFp5uwKZdM8wIuQ==",
        "dependencies": {
          "@types/retry": "@types/retry@0.12.0",
          "retry": "retry@0.13.1"
        }
      },
      "p-timeout@3.2.0": {
        "integrity": "sha512-rhIwUycgwwKcP9yTOOFK/AKsAopjjCakVqLHePO3CC6Mir1Z99xT+R63jZxAT5lFZLa2inS5h+ZS2GvR99/FBg==",
        "dependencies": {
          "p-finally": "p-finally@1.0.0"
        }
      },
      "path-to-regexp@6.2.1": {
        "integrity": "sha512-JLyh7xT1kizaEvcaXOQwOc2/Yhw6KZOvPf1S8401UyLk86CU79LN3vl7ztXGm/pZ+YjoyAJ4rxmHwbkBXJX+yw==",
        "dependencies": {}
      },
      "prisma@5.13.0": {
        "integrity": "sha512-kGtcJaElNRAdAGsCNykFSZ7dBKpL14Cbs+VaQ8cECxQlRPDjBlMHNFYeYt0SKovAVy2Y65JXQwB3A5+zIQwnTg==",
        "dependencies": {
          "@prisma/engines": "@prisma/engines@5.13.0"
        }
      },
      "redis@4.6.13_@redis+client@1.5.14": {
        "integrity": "sha512-MHgkS4B+sPjCXpf+HfdetBwbRz6vCtsceTmw1pHNYJAsYxrfpOP6dz+piJWGos8wqG7qb3vj/Rrc5qOlmInUuA==",
        "dependencies": {
          "@redis/bloom": "@redis/bloom@1.2.0_@redis+client@1.5.14",
          "@redis/client": "@redis/client@1.5.14",
          "@redis/graph": "@redis/graph@1.1.1_@redis+client@1.5.14",
          "@redis/json": "@redis/json@1.0.6_@redis+client@1.5.14",
          "@redis/search": "@redis/search@1.1.6_@redis+client@1.5.14",
          "@redis/time-series": "@redis/time-series@1.0.5_@redis+client@1.5.14"
        }
      },
      "retry@0.13.1": {
        "integrity": "sha512-XQBQ3I8W1Cge0Seh+6gjj03LbmRFWuoszgK9ooCpwYIrhhoO80pfq4cUkU5DkknwfOfFteRwlZ56PYOGYyFWdg==",
        "dependencies": {}
      },
      "tr46@0.0.3": {
        "integrity": "sha512-N3WMsuqV66lT30CrXNbEjx4GEwlow3v6rr4mCcv6prnfwhS01rkgyFdjPNBYd9br7LpXV1+Emh01fHnq2Gdgrw==",
        "dependencies": {}
      },
      "uuid@9.0.1": {
        "integrity": "sha512-b+1eJOlsR9K8HJpow9Ok3fiWOWSIcIzXodvv0rQjVoOVNpWMpxf1wZNpt4y9h10odCNrqnYp1OBzRktckBe3sA==",
        "dependencies": {}
      },
      "web-streams-polyfill@3.3.3": {
        "integrity": "sha512-d2JWLCivmZYTSIoge9MsgFCZrt571BikcWGYkjC1khllbTeDlGqZ2D8vD8E/lJa8WGWbb7Plm8/XJYV7IJHZZw==",
        "dependencies": {}
      },
      "web-streams-polyfill@4.0.0-beta.3": {
        "integrity": "sha512-QW95TCTaHmsYfHDybGMwO5IJIM93I/6vTRk+daHTWFPhwh+C8Cg7j7XyKrwrj8Ib6vYXe0ocYNrmzY4xAAN6ug==",
        "dependencies": {}
      },
      "webidl-conversions@3.0.1": {
        "integrity": "sha512-2JAn3z8AR6rjK8Sm8orRC0h/bcl/DqL7tRPdGZ4I1CjdF+EaMLmYxBHyXuKL849eucPFhvBoxMsflfOb8kxaeQ==",
        "dependencies": {}
      },
      "whatwg-url@5.0.0": {
        "integrity": "sha512-saE57nupxk6v3HY35+jzBwYa0rKSy0XR8JSxZPwgLr7ys0IBzhGviA1/TUGJLmSVqs8pb9AnvICXEuOHLprYTw==",
        "dependencies": {
          "tr46": "tr46@0.0.3",
          "webidl-conversions": "webidl-conversions@3.0.1"
        }
      },
      "yallist@4.0.0": {
        "integrity": "sha512-3wdGidZyq5PB084XLES5TpOSRA3wjXAlIWMhum2kRcv/41Sn2emQ0dycQW4uZXLejwKvg6EsvbdlVL+FYEct7A==",
        "dependencies": {}
      },
      "yaml@2.4.1": {
        "integrity": "sha512-pIXzoImaqmfOrL7teGUBt/T7ZDnyeGBWyXQBvOVhLkWLN37GXv8NMLK406UY6dS51JfcQHsmcW5cJ441bHg6Lg==",
        "dependencies": {}
      },
      "zod-to-json-schema@3.23.0_zod@3.23.4": {
        "integrity": "sha512-az0uJ243PxsRIa2x1WmNE/pnuA05gUq/JB8Lwe1EDCCL/Fz9MgjYQ0fPlyc2Tcv6aF2ZA7WM5TWaRZVEFaAIag==",
        "dependencies": {
          "zod": "zod@3.23.4"
        }
      },
      "zod@3.23.4": {
        "integrity": "sha512-/AtWOKbBgjzEYYQRNfoGKHObgfAZag6qUJX1VbHo2PRBgS+wfWagEY2mizjfyAPcGesrJOcx/wcl0L9WnVrHFw==",
        "dependencies": {}
      }
    }
  },
  "redirects": {
    "https://deno.land/x/oak/mod.ts": "https://deno.land/x/oak@v16.0.0/mod.ts"
  },
  "remote": {
    "https://deno.land/std@0.221.0/encoding/_util.ts": "beacef316c1255da9bc8e95afb1fa56ed69baef919c88dc06ae6cb7a6103d376",
    "https://deno.land/std@0.221.0/encoding/base64.ts": "8ccae67a1227b875340a8582ff707f37b131df435b07080d3bb58e07f5f97807",
    "https://deno.land/std@0.221.0/encoding/base64url.ts": "9cc46cf510436be63ac00ebf97a7de1993e603ca58e1853b344bf90d80ea9945",
    "https://deno.land/std@0.223.0/dotenv/load.ts": "587b342f0f6a3df071331fe6ba1c823729ab68f7d53805809475e486dd4161d7",
    "https://deno.land/std@0.223.0/dotenv/mod.ts": "0180eaeedaaf88647318811cdaa418cc64dc51fb08354f91f5f480d0a1309f7d",
    "https://deno.land/std@0.223.0/dotenv/parse.ts": "09977ff88dfd1f24f9973a338f0f91bbdb9307eb5ff6085446e7c423e4c7ba0c",
    "https://deno.land/std@0.223.0/dotenv/stringify.ts": "275da322c409170160440836342eaa7cf012a1d11a7e700d8ca4e7f2f8aa4615",
    "https://deno.land/x/bcrypt@v0.3.0/mod.ts": "ff09bdae282583cf5f7d87efe37ddcecef7f14f6d12e8b8066a3058db8c6c2f7",
    "https://deno.land/x/bcrypt@v0.3.0/src/bcrypt/base64.ts": "b8266450a4f1eb6960f60f2f7986afc4dde6b45bd2d7ee7ba10789e67e17b9f7",
    "https://deno.land/x/bcrypt@v0.3.0/src/bcrypt/bcrypt.ts": "65819ce8e32d6e6a68f8753931237c58baa39b2573c1d7fac42f03d51499f242",
    "https://deno.land/x/bcrypt@v0.3.0/src/main.ts": "08d201b289c8d9c46f8839c69cd6625b213863db29775c7a200afc3b540e64f8",
    "https://deno.land/x/bcrypt@v0.4.1/mod.ts": "ff09bdae282583cf5f7d87efe37ddcecef7f14f6d12e8b8066a3058db8c6c2f7",
    "https://deno.land/x/bcrypt@v0.4.1/src/bcrypt/base64.ts": "b8266450a4f1eb6960f60f2f7986afc4dde6b45bd2d7ee7ba10789e67e17b9f7",
    "https://deno.land/x/bcrypt@v0.4.1/src/bcrypt/bcrypt.ts": "ec221648cc6453ea5e3803bc817c01157dada06aa6f7a0ba6b9f87aae32b21e2",
    "https://deno.land/x/bcrypt@v0.4.1/src/main.ts": "08d201b289c8d9c46f8839c69cd6625b213863db29775c7a200afc3b540e64f8",
    "https://deno.land/x/bcrypt@v0.4.1/src/worker.ts": "5a73bdfee9c9e622f47c9733d374b627dce52fb3ec1e74c8226698b3fc57ffac",
    "https://deno.land/x/cors@v1.2.2/abcCors.ts": "cdf83a7eaa69a1bf3ab910d18b9422217902fac47601adcaf0afac5a61845d48",
    "https://deno.land/x/cors@v1.2.2/attainCors.ts": "7d6aba0f942495cc31119604e0895c9bb8edd8f8baa7fe78e6c655bd0b4cbf59",
    "https://deno.land/x/cors@v1.2.2/cors.ts": "0e2d9167e3685f9bcf48f565e312b6e1883fa458f7337e5ce7bc2e3b29767980",
    "https://deno.land/x/cors@v1.2.2/mithCors.ts": "3a359d6e716e0410ede278ab54d875b293a2d66d838aaa7cfbf9ddc1e9e990d3",
    "https://deno.land/x/cors@v1.2.2/mod.ts": "2b351913f56d77ad80cb3b8633d4539c9eeddb426dae79437ada0e6a9cb4f1a6",
    "https://deno.land/x/cors@v1.2.2/oakCors.ts": "1348dc7673c61b85d2e80559a7b44f8e0246eaa6bcc6ec744fafe5d9b13b5c71",
    "https://deno.land/x/cors@v1.2.2/opineCors.ts": "fb5790115c26b7061d84b8d6c17d258a1e241bcab75b0bc3ca1fdb2e57bc5072",
    "https://deno.land/x/cors@v1.2.2/types.ts": "97546633ccc7f0df7a29bacba5d91dc6f61decdd1b65258300244dba905d34b8",
    "https://deno.land/x/djwt@v3.0.2/algorithm.ts": "b1c6645f9dbd6e6c47c123a3b18c28b956f91c65ed17f5b6d5d968fc3750542b",
    "https://deno.land/x/djwt@v3.0.2/deps.ts": "a7954fe567f2097b4f6aca11d091b6df658e485a817ac4dee47257ed5c28fd6e",
    "https://deno.land/x/djwt@v3.0.2/mod.ts": "962d8f2c4d6a4db111f45d777b152356aec31ba7db0ca664601175a422629857",
    "https://deno.land/x/djwt@v3.0.2/signature.ts": "16238fbf558267c85dd6c0178045f006c8b914a7301db87149f3318326569272",
    "https://deno.land/x/djwt@v3.0.2/util.ts": "5cb264d2125c553678e11446bcfa0494025d120e3f59d0a3ab38f6800def697d",
    "https://deno.land/x/oak@v16.0.0/application.ts": "c6361a3c3fb3607c5dfe1800b156f07b612979dc0498c746aeca54bb9f643a92",
    "https://deno.land/x/oak@v16.0.0/body.ts": "0f8a6843720ea6cebba2132a5e4dda5a97bbd49e7fb64e96ade0b7c8009bba2d",
    "https://deno.land/x/oak@v16.0.0/context.ts": "a93a5b41dde2ceb52232ae31b3496be76e8a42ea421a73d7cffe9e640adb8dfd",
    "https://deno.land/x/oak@v16.0.0/deps.ts": "9410ef92a6e3ff7a322a0f894781f04e2cd139d5bb03e2d7c0ce4ad010e9723e",
    "https://deno.land/x/oak@v16.0.0/forwarded.ts": "97fa621071e4878ce64196055b49cdf8ee63f1bb39185c9446bfb817c209bcc9",
    "https://deno.land/x/oak@v16.0.0/http_server_bun.ts": "cb3a66c735cd0533c4c3776b37ae627ab42344c82f91dff63e3030d9656fd3a0",
    "https://deno.land/x/oak@v16.0.0/http_server_native.ts": "3bea00ebb9638203d2449fbf9a14a6b87f119bd45012f13282ececdf7b4c4242",
    "https://deno.land/x/oak@v16.0.0/http_server_native_request.ts": "a4da6f4939736e6323720db2d4b0d19ff2e83f02e52ab1eea9ae80f2c047fa56",
    "https://deno.land/x/oak@v16.0.0/http_server_node.ts": "9bb5291c15305b297fd634aa4c6b1d5054368f4b7a171d7c7c302c73eb2489ed",
    "https://deno.land/x/oak@v16.0.0/middleware.ts": "4170180fe5009d2581a0bdc995e5953b90ccb5b1c3767f3eae8a4fe238b8bd81",
    "https://deno.land/x/oak@v16.0.0/middleware/etag.ts": "310ed4ed01f2af5384ab78617c82a2bdd7f84d66539172e45ee16452846f0754",
    "https://deno.land/x/oak@v16.0.0/middleware/proxy.ts": "6e2253f88246c89c5d90678e7705b08966e7352f64a36e28fb12c7c99bbf0cc1",
    "https://deno.land/x/oak@v16.0.0/middleware/serve.ts": "efceebd70afb73bcabe0a6a8981f3d8474a2f2f30e85b46761aee49e81bd9d6a",
    "https://deno.land/x/oak@v16.0.0/mod.ts": "38e53e01e609583e843f3e2b2677de9872d23d68939ce0de85b402e7a8db01a7",
    "https://deno.land/x/oak@v16.0.0/node_shims.ts": "4db1569b2b79b73f37c4d947f4aaa50a93e266d48fe67601c8a31af17a28884d",
    "https://deno.land/x/oak@v16.0.0/request.ts": "b3d356da3f1e45f850d0b11e5637cb9d3d76fb96cb7b45ec9276bf89fa34ac08",
    "https://deno.land/x/oak@v16.0.0/response.ts": "bc47174d3d797ffc802f40fba006c16de8390e776a36f6f4a4d4f58b278bf36f",
    "https://deno.land/x/oak@v16.0.0/router.ts": "882f36a576e280b0d617cc174feca320f02deed77bdea8264444ba8b55cc0422",
    "https://deno.land/x/oak@v16.0.0/send.ts": "c05e5985b356b568ae4954a40373f93451a3f8cc9ae8706c8b8879e5e0c8c86b",
    "https://deno.land/x/oak@v16.0.0/testing.ts": "c879789ac721144c3dcad0a06f5afbe2cd94fb20afc32302992942a49a7def90",
    "https://deno.land/x/oak@v16.0.0/types.ts": "cd4ccd3e182d0cba2117cd27f560267970470ab9c0ff6556cadd73f605193be7",
    "https://deno.land/x/oak@v16.0.0/utils/clone_state.ts": "cf8989ddd56816b36ada253ae0acdbd46cdf3d68dbe674d2b66c46640fab3500",
    "https://deno.land/x/oak@v16.0.0/utils/consts.ts": "137c4f73479f5e98a13153b9305f06f0d85df3cf2aacad2c9f82d4c1f3a2f105",
    "https://deno.land/x/oak@v16.0.0/utils/create_promise_with_resolvers.ts": "de99e9a998162b929a011f8873eaf0895cf4742492b3ce6f6866d39217342523",
    "https://deno.land/x/oak@v16.0.0/utils/decode_component.ts": "d3e2c40ecdd2fdb79761c6e9ae224cf01a4643f7c5f4c1e0b69698d43025261b",
    "https://deno.land/x/oak@v16.0.0/utils/encode_url.ts": "c0ed6b318eb9523adeebba32eb9acd059c0f94d3511b2b9e3b024722d1b3dfb8",
    "https://deno.land/x/oak@v16.0.0/utils/resolve_path.ts": "aa39d54a003b38fee55f340a0cba3f93a7af85b8ddd5fbfb049a98fc0109b36d",
    "https://deno.land/x/oak@v16.0.0/utils/streams.ts": "6d55543fdeddc3c9c6f512de227b9b33ff4b0ec5e320edc109f0cbf9bef8963f",
    "https://deno.land/x/oak@v16.0.0/utils/type_guards.ts": "a1b42aa4c431c4c07d3f8a45a2142020f86d5a3e1e319af94fdf2f4c6c72465f"
  },
  "workspace": {
    "packageJson": {
      "dependencies": [
        "npm:@prisma/client@^5.12.1",
        "npm:@prisma/extension-accelerate@^1.0.0",
        "npm:dotenv-cli@^7.4.1",
        "npm:langchain@^0.1.36",
        "npm:prisma@^5.13.0",
        "npm:redis@^4.6.13"
      ]
    }
  }
}
